PODS:
  - LTInfiniteScrollView (4.1.0)
  - SDWebImage (3.7.5):
    - SDWebImage/Core (= 3.7.5)
  - SDWebImage/Core (3.7.5)

DEPENDENCIES:
  - LTInfiniteScrollView (~> 4.1)
  - SDWebImage (~> 3.7)

SPEC CHECKSUMS:
  LTInfiniteScrollView: 8bd6cbd02ed23ecab46a219e4647daa615bcd445
  SDWebImage: 69c6303e3348fba97e03f65d65d4fbc26740f461

COCOAPODS: 0.39.0
