PODS:
  - LTInfiniteScrollView (4.3.2)
  - RBQFetchedResultsController (4.0.3):
    - Realm (>= 0.99.1)
  - Realm (0.103.1):
    - Realm/Headers (= 0.103.1)
  - Realm/Headers (0.103.1)
  - SDWebImage (3.7.6):
    - SDWebImage/Core (= 3.7.6)
  - SDWebImage/Core (3.7.6)

DEPENDENCIES:
  - LTInfiniteScrollView (~> 4.1)
  - RBQFetchedResultsController
  - Realm
  - SDWebImage (~> 3.7)

SPEC CHECKSUMS:
  LTInfiniteScrollView: 6ce2fcaf6d030a9e45a164ba9dcdb1b325a30d03
  RBQFetchedResultsController: fcc29d033acb7875af5c85976bd4f1ddb4ff75bc
  Realm: 9ed57109332e95bdc48a7caedff80b70c51d5ef4
  SDWebImage: c325cf02c30337336b95beff20a13df489ec0ec9

PODFILE CHECKSUM: d29e21969895d33f924b5411fe31ce91956c4e96

COCOAPODS: 1.0.0
