PODS:
  - LTInfiniteScrollView (4.1.0)
  - RBQFetchedResultsController (4.0.3):
    - Realm (>= 0.99.1)
  - Realm (1.0.0):
    - Realm/Headers (= 1.0.0)
  - Realm/Headers (1.0.0)
  - SDWebImage (3.7.6):
    - SDWebImage/Core (= 3.7.6)
  - SDWebImage/Core (3.7.6)

DEPENDENCIES:
  - LTInfiniteScrollView (= 4.1)
  - RBQFetchedResultsController
  - Realm
  - SDWebImage (~> 3.7)

SPEC CHECKSUMS:
  LTInfiniteScrollView: 8bd6cbd02ed23ecab46a219e4647daa615bcd445
  RBQFetchedResultsController: fcc29d033acb7875af5c85976bd4f1ddb4ff75bc
  Realm: e15cd8e7c11d3e576f628ba0b7cb855269b4991c
  SDWebImage: c325cf02c30337336b95beff20a13df489ec0ec9

PODFILE CHECKSUM: 3af0f9b4d35f9d7b1f1f6742687cb6e866633856

COCOAPODS: 1.0.0
